
Microsoft Visual Studio Solution File, Format Version 12.00
# Visual Studio 2012
Project("{FAE04EC0-301F-11D3-BF4B-00C04F79EFBC}") = "MyBlog", "MyBlog\MyBlog.csproj", "{DA2D1720-E985-46D4-9987-0515EC0E559B}"
EndProject
Global
	GlobalSection(SolutionConfigurationPlatforms) = preSolution
		Debug|Any CPU = Debug|Any CPU
		Release|Any CPU = Release|Any CPU
	EndGlobalSection
	GlobalSection(ProjectConfigurationPlatforms) = postSolution
		{DA2D1720-E985-46D4-9987-0515EC0E559B}.Debug|Any CPU.ActiveCfg = Debug|Any CPU
		{DA2D1720-E985-46D4-9987-0515EC0E559B}.Debug|Any CPU.Build.0 = Debug|Any CPU
		{DA2D1720-E985-46D4-9987-0515EC0E559B}.Release|Any CPU.ActiveCfg = Release|Any CPU
		{DA2D1720-E985-46D4-9987-0515EC0E559B}.Release|Any CPU.Build.0 = Release|Any CPU
	EndGlobalSection
	GlobalSection(SolutionProperties) = preSolution
		HideSolutionNode = FALSE
	EndGlobalSection
EndGlobal
